
Microsoft Visual Studio Solution File, Format Version 12.00
# Visual Studio Version 16
VisualStudioVersion = 16.0.31729.503
MinimumVisualStudioVersion = 10.0.40219.1
Project("{9A19103F-16F7-4668-BE54-9A1E7A4F7556}") = "SumPrimeNonPrime", "SumPrimeNonPrime\SumPrimeNonPrime.csproj", "{C675AF7E-46A7-4541-AB31-7B983197ADA7}"
EndProject
Project("{9A19103F-16F7-4668-BE54-9A1E7A4F7556}") = "CinemaTickets", "CinemaTickets\CinemaTickets.csproj", "{0E16565C-5B91-4342-A1ED-D0217E3FDA21}"
EndProject
Project("{9A19103F-16F7-4668-BE54-9A1E7A4F7556}") = "SumEvenAndOddNums", "SumEvenAndOddNums\SumEvenAndOddNums.csproj", "{1103C36A-ECCA-4209-B6A2-628A261A0F17}"
EndProject
Project("{9A19103F-16F7-4668-BE54-9A1E7A4F7556}") = "TaskFromFriend", "TaskFromFriend\TaskFromFriend.csproj", "{854F83C2-59DD-4645-8C87-AC9B3D498778}"
EndProject
Project("{9A19103F-16F7-4668-BE54-9A1E7A4F7556}") = "SecurityCodeDoor", "SecurityCodeDoor\SecurityCodeDoor.csproj", "{B23B982E-0A12-4DE9-B2CF-1EDFB0B3D1BB}"
EndProject
Project("{9A19103F-16F7-4668-BE54-9A1E7A4F7556}") = "RandomPresentGifterSelector", "RandomPresentGifterSelector\RandomPresentGifterSelector.csproj", "{1E1B154B-C563-4BC9-A0FC-49F41F9776E6}"
EndProject
Project("{9A19103F-16F7-4668-BE54-9A1E7A4F7556}") = "NewPracticeProject", "NewPracticeProject\NewPracticeProject.csproj", "{93A924C3-F961-407E-969E-609B1C7CBC85}"
EndProject
Project("{9A19103F-16F7-4668-BE54-9A1E7A4F7556}") = "Task1Clock", "Task1Clock\Task1Clock.csproj", "{5E4CA276-E070-43CB-84FD-50C79763FA31}"
EndProject
Project("{9A19103F-16F7-4668-BE54-9A1E7A4F7556}") = "Task2MultiplicationTable", "Task2MultiplicationTable\Task2MultiplicationTable.csproj", "{3852E646-8817-4C8D-891E-3520F772D542}"
EndProject
Project("{9A19103F-16F7-4668-BE54-9A1E7A4F7556}") = "Task3Combinations", "Task3Combinations\Task3Combinations.csproj", "{EC6B3F08-E585-4196-8A9C-2337B77BC6AD}"
EndProject
Project("{9A19103F-16F7-4668-BE54-9A1E7A4F7556}") = "Task4SumOfTwoNumbers", "Task4SumOfTwoNumbers\Task4SumOfTwoNumbers.csproj", "{E5B64F6C-6685-481E-AA23-654EECBC4D6C}"
EndProject
Project("{9A19103F-16F7-4668-BE54-9A1E7A4F7556}") = "T.TimeAfter30Mins", "T.TimeAfter30Mins\T.TimeAfter30Mins.csproj", "{EEB09D91-6849-4E90-AF71-C854932B9666}"
EndProject
Project("{9A19103F-16F7-4668-BE54-9A1E7A4F7556}") = "SumOfFirstFiveOddNumbers", "SumOfFirstFiveOddNumbers\SumOfFirstFiveOddNumbers.csproj", "{D77B9B69-CE5F-43AC-B1A7-0B1B880491DF}"
EndProject
Project("{9A19103F-16F7-4668-BE54-9A1E7A4F7556}") = "DifferentAges", "DifferentAges\DifferentAges.csproj", "{94B2E54F-34C8-40A2-A9A5-715FDFD1B39F}"
EndProject
Project("{9A19103F-16F7-4668-BE54-9A1E7A4F7556}") = "FactorialNumbersSum", "FactorialNumbersSum\FactorialNumbersSum.csproj", "{90DFC556-789A-4F93-A63E-D95B883E6100}"
EndProject
Project("{FAE04EC0-301F-11D3-BF4B-00C04F79EFBC}") = "PasswordBackwards", "PasswordBackwards\PasswordBackwards.csproj", "{B66CAC62-0E7D-4F32-BD71-75E9D8FE0550}"
EndProject
Global
	GlobalSection(SolutionConfigurationPlatforms) = preSolution
		Debug|Any CPU = Debug|Any CPU
		Release|Any CPU = Release|Any CPU
	EndGlobalSection
	GlobalSection(ProjectConfigurationPlatforms) = postSolution
		{C675AF7E-46A7-4541-AB31-7B983197ADA7}.Debug|Any CPU.ActiveCfg = Debug|Any CPU
		{C675AF7E-46A7-4541-AB31-7B983197ADA7}.Debug|Any CPU.Build.0 = Debug|Any CPU
		{C675AF7E-46A7-4541-AB31-7B983197ADA7}.Release|Any CPU.ActiveCfg = Release|Any CPU
		{C675AF7E-46A7-4541-AB31-7B983197ADA7}.Release|Any CPU.Build.0 = Release|Any CPU
		{0E16565C-5B91-4342-A1ED-D0217E3FDA21}.Debug|Any CPU.ActiveCfg = Debug|Any CPU
		{0E16565C-5B91-4342-A1ED-D0217E3FDA21}.Debug|Any CPU.Build.0 = Debug|Any CPU
		{0E16565C-5B91-4342-A1ED-D0217E3FDA21}.Release|Any CPU.ActiveCfg = Release|Any CPU
		{0E16565C-5B91-4342-A1ED-D0217E3FDA21}.Release|Any CPU.Build.0 = Release|Any CPU
		{1103C36A-ECCA-4209-B6A2-628A261A0F17}.Debug|Any CPU.ActiveCfg = Debug|Any CPU
		{1103C36A-ECCA-4209-B6A2-628A261A0F17}.Debug|Any CPU.Build.0 = Debug|Any CPU
		{1103C36A-ECCA-4209-B6A2-628A261A0F17}.Release|Any CPU.ActiveCfg = Release|Any CPU
		{1103C36A-ECCA-4209-B6A2-628A261A0F17}.Release|Any CPU.Build.0 = Release|Any CPU
		{854F83C2-59DD-4645-8C87-AC9B3D498778}.Debug|Any CPU.ActiveCfg = Debug|Any CPU
		{854F83C2-59DD-4645-8C87-AC9B3D498778}.Debug|Any CPU.Build.0 = Debug|Any CPU
		{854F83C2-59DD-4645-8C87-AC9B3D498778}.Release|Any CPU.ActiveCfg = Release|Any CPU
		{854F83C2-59DD-4645-8C87-AC9B3D498778}.Release|Any CPU.Build.0 = Release|Any CPU
		{B23B982E-0A12-4DE9-B2CF-1EDFB0B3D1BB}.Debug|Any CPU.ActiveCfg = Debug|Any CPU
		{B23B982E-0A12-4DE9-B2CF-1EDFB0B3D1BB}.Debug|Any CPU.Build.0 = Debug|Any CPU
		{B23B982E-0A12-4DE9-B2CF-1EDFB0B3D1BB}.Release|Any CPU.ActiveCfg = Release|Any CPU
		{B23B982E-0A12-4DE9-B2CF-1EDFB0B3D1BB}.Release|Any CPU.Build.0 = Release|Any CPU
		{1E1B154B-C563-4BC9-A0FC-49F41F9776E6}.Debug|Any CPU.ActiveCfg = Debug|Any CPU
		{1E1B154B-C563-4BC9-A0FC-49F41F9776E6}.Debug|Any CPU.Build.0 = Debug|Any CPU
		{1E1B154B-C563-4BC9-A0FC-49F41F9776E6}.Release|Any CPU.ActiveCfg = Release|Any CPU
		{1E1B154B-C563-4BC9-A0FC-49F41F9776E6}.Release|Any CPU.Build.0 = Release|Any CPU
		{93A924C3-F961-407E-969E-609B1C7CBC85}.Debug|Any CPU.ActiveCfg = Debug|Any CPU
		{93A924C3-F961-407E-969E-609B1C7CBC85}.Debug|Any CPU.Build.0 = Debug|Any CPU
		{93A924C3-F961-407E-969E-609B1C7CBC85}.Release|Any CPU.ActiveCfg = Release|Any CPU
		{93A924C3-F961-407E-969E-609B1C7CBC85}.Release|Any CPU.Build.0 = Release|Any CPU
		{5E4CA276-E070-43CB-84FD-50C79763FA31}.Debug|Any CPU.ActiveCfg = Debug|Any CPU
		{5E4CA276-E070-43CB-84FD-50C79763FA31}.Debug|Any CPU.Build.0 = Debug|Any CPU
		{5E4CA276-E070-43CB-84FD-50C79763FA31}.Release|Any CPU.ActiveCfg = Release|Any CPU
		{5E4CA276-E070-43CB-84FD-50C79763FA31}.Release|Any CPU.Build.0 = Release|Any CPU
		{3852E646-8817-4C8D-891E-3520F772D542}.Debug|Any CPU.ActiveCfg = Debug|Any CPU
		{3852E646-8817-4C8D-891E-3520F772D542}.Debug|Any CPU.Build.0 = Debug|Any CPU
		{3852E646-8817-4C8D-891E-3520F772D542}.Release|Any CPU.ActiveCfg = Release|Any CPU
		{3852E646-8817-4C8D-891E-3520F772D542}.Release|Any CPU.Build.0 = Release|Any CPU
		{EC6B3F08-E585-4196-8A9C-2337B77BC6AD}.Debug|Any CPU.ActiveCfg = Debug|Any CPU
		{EC6B3F08-E585-4196-8A9C-2337B77BC6AD}.Debug|Any CPU.Build.0 = Debug|Any CPU
		{EC6B3F08-E585-4196-8A9C-2337B77BC6AD}.Release|Any CPU.ActiveCfg = Release|Any CPU
		{EC6B3F08-E585-4196-8A9C-2337B77BC6AD}.Release|Any CPU.Build.0 = Release|Any CPU
		{E5B64F6C-6685-481E-AA23-654EECBC4D6C}.Debug|Any CPU.ActiveCfg = Debug|Any CPU
		{E5B64F6C-6685-481E-AA23-654EECBC4D6C}.Debug|Any CPU.Build.0 = Debug|Any CPU
		{E5B64F6C-6685-481E-AA23-654EECBC4D6C}.Release|Any CPU.ActiveCfg = Release|Any CPU
		{E5B64F6C-6685-481E-AA23-654EECBC4D6C}.Release|Any CPU.Build.0 = Release|Any CPU
		{EEB09D91-6849-4E90-AF71-C854932B9666}.Debug|Any CPU.ActiveCfg = Debug|Any CPU
		{EEB09D91-6849-4E90-AF71-C854932B9666}.Debug|Any CPU.Build.0 = Debug|Any CPU
		{EEB09D91-6849-4E90-AF71-C854932B9666}.Release|Any CPU.ActiveCfg = Release|Any CPU
		{EEB09D91-6849-4E90-AF71-C854932B9666}.Release|Any CPU.Build.0 = Release|Any CPU
		{D77B9B69-CE5F-43AC-B1A7-0B1B880491DF}.Debug|Any CPU.ActiveCfg = Debug|Any CPU
		{D77B9B69-CE5F-43AC-B1A7-0B1B880491DF}.Debug|Any CPU.Build.0 = Debug|Any CPU
		{D77B9B69-CE5F-43AC-B1A7-0B1B880491DF}.Release|Any CPU.ActiveCfg = Release|Any CPU
		{D77B9B69-CE5F-43AC-B1A7-0B1B880491DF}.Release|Any CPU.Build.0 = Release|Any CPU
		{94B2E54F-34C8-40A2-A9A5-715FDFD1B39F}.Debug|Any CPU.ActiveCfg = Debug|Any CPU
		{94B2E54F-34C8-40A2-A9A5-715FDFD1B39F}.Debug|Any CPU.Build.0 = Debug|Any CPU
		{94B2E54F-34C8-40A2-A9A5-715FDFD1B39F}.Release|Any CPU.ActiveCfg = Release|Any CPU
		{94B2E54F-34C8-40A2-A9A5-715FDFD1B39F}.Release|Any CPU.Build.0 = Release|Any CPU
		{90DFC556-789A-4F93-A63E-D95B883E6100}.Debug|Any CPU.ActiveCfg = Debug|Any CPU
		{90DFC556-789A-4F93-A63E-D95B883E6100}.Debug|Any CPU.Build.0 = Debug|Any CPU
		{90DFC556-789A-4F93-A63E-D95B883E6100}.Release|Any CPU.ActiveCfg = Release|Any CPU
		{90DFC556-789A-4F93-A63E-D95B883E6100}.Release|Any CPU.Build.0 = Release|Any CPU
		{B66CAC62-0E7D-4F32-BD71-75E9D8FE0550}.Debug|Any CPU.ActiveCfg = Debug|Any CPU
		{B66CAC62-0E7D-4F32-BD71-75E9D8FE0550}.Debug|Any CPU.Build.0 = Debug|Any CPU
		{B66CAC62-0E7D-4F32-BD71-75E9D8FE0550}.Release|Any CPU.ActiveCfg = Release|Any CPU
		{B66CAC62-0E7D-4F32-BD71-75E9D8FE0550}.Release|Any CPU.Build.0 = Release|Any CPU
	EndGlobalSection
	GlobalSection(SolutionProperties) = preSolution
		HideSolutionNode = FALSE
	EndGlobalSection
	GlobalSection(ExtensibilityGlobals) = postSolution
		SolutionGuid = {423CC7E4-E666-4574-86BD-44BF10952F10}
	EndGlobalSection
EndGlobal
